
Microsoft Visual Studio Solution File, Format Version 12.00
# Visual Studio 15
VisualStudioVersion = 15.0.27004.2010
MinimumVisualStudioVersion = 10.0.40219.1
Project("{FAE04EC0-301F-11D3-BF4B-00C04F79EFBC}") = "1.Phones", "Phones\1.Phones.csproj", "{CB308DCA-22B5-480D-BD98-B503F879A0E7}"
EndProject
Project("{FAE04EC0-301F-11D3-BF4B-00C04F79EFBC}") = "2.Matrices", "2.Matrices\2.Matrices.csproj", "{2CBBA340-C078-436C-9D07-E4A5EAEA8D3D}"
EndProject
Global
	GlobalSection(SolutionConfigurationPlatforms) = preSolution
		Debug|Any CPU = Debug|Any CPU
		Release|Any CPU = Release|Any CPU
	EndGlobalSection
	GlobalSection(ProjectConfigurationPlatforms) = postSolution
		{CB308DCA-22B5-480D-BD98-B503F879A0E7}.Debug|Any CPU.ActiveCfg = Debug|Any CPU
		{CB308DCA-22B5-480D-BD98-B503F879A0E7}.Debug|Any CPU.Build.0 = Debug|Any CPU
		{CB308DCA-22B5-480D-BD98-B503F879A0E7}.Release|Any CPU.ActiveCfg = Release|Any CPU
		{CB308DCA-22B5-480D-BD98-B503F879A0E7}.Release|Any CPU.Build.0 = Release|Any CPU
		{2CBBA340-C078-436C-9D07-E4A5EAEA8D3D}.Debug|Any CPU.ActiveCfg = Debug|Any CPU
		{2CBBA340-C078-436C-9D07-E4A5EAEA8D3D}.Debug|Any CPU.Build.0 = Debug|Any CPU
		{2CBBA340-C078-436C-9D07-E4A5EAEA8D3D}.Release|Any CPU.ActiveCfg = Release|Any CPU
		{2CBBA340-C078-436C-9D07-E4A5EAEA8D3D}.Release|Any CPU.Build.0 = Release|Any CPU
	EndGlobalSection
	GlobalSection(SolutionProperties) = preSolution
		HideSolutionNode = FALSE
	EndGlobalSection
	GlobalSection(ExtensibilityGlobals) = postSolution
		SolutionGuid = {9BD50749-DF4B-4B32-87DB-9C20B8FFC922}
	EndGlobalSection
EndGlobal
